
Microsoft Visual Studio Solution File, Format Version 12.00
# Visual Studio Version 17
VisualStudioVersion = 17.11.35327.3
MinimumVisualStudioVersion = 10.0.40219.1
Project("{FAE04EC0-301F-11D3-BF4B-00C04F79EFBC}") = "TestCase1", "Стажка\TestCase1.csproj", "{3F968A82-0A93-4F37-96C6-23939AF6FC17}"
EndProject
Global
	GlobalSection(SolutionConfigurationPlatforms) = preSolution
		Debug|Any CPU = Debug|Any CPU
		Release|Any CPU = Release|Any CPU
	EndGlobalSection
	GlobalSection(ProjectConfigurationPlatforms) = postSolution
		{3F968A82-0A93-4F37-96C6-23939AF6FC17}.Debug|Any CPU.ActiveCfg = Debug|Any CPU
		{3F968A82-0A93-4F37-96C6-23939AF6FC17}.Debug|Any CPU.Build.0 = Debug|Any CPU
		{3F968A82-0A93-4F37-96C6-23939AF6FC17}.Release|Any CPU.ActiveCfg = Release|Any CPU
		{3F968A82-0A93-4F37-96C6-23939AF6FC17}.Release|Any CPU.Build.0 = Release|Any CPU
	EndGlobalSection
	GlobalSection(SolutionProperties) = preSolution
		HideSolutionNode = FALSE
	EndGlobalSection
	GlobalSection(ExtensibilityGlobals) = postSolution
		SolutionGuid = {F97E19F0-7DFA-411F-8C16-A464CA23B073}
	EndGlobalSection
EndGlobal
